{
  "answer/v1": "4d2d76e7b2a3abd75db47cc5495edeed8108108f7a18864c466cb34425874875",
  "answer_quick/v1": "1a2dc17e1f715e5bdc602984ee5898d8dffd83702925e96e8d1914191badd8a8",
  "assign/v1": "b1edeee71d66873201f08d06cff9743a362b8c6c5acdee5c0dda040792cc6bde",
  "attachments/v1": "09b5855955522192fb8a702d1b75e63222a9545d6edbb245ffc12ea6dcbd973a",
  "cross_review/v1": "a9082c7414185da38106eff9cd80c2d7be484b8dfe95f91b38e8b10688acf20b",
  "decompose/v1": "a60a1f9f0c6db51cd3a1c4cbbcbd2a82edc54dce4acb78c431dd2a3c2b0733ca",
  "decompose/v2": "8480f9367005a7ee3ceb62b259615945b0081d3e1cec424ac45266ca78d5c993",
  "describe_image/v1": "893662b0825d519d58ad3bdd6c21c43d671ac80e2e555ee623bef3c95271b58c",
  "image_gen/v1": "339a7aadc687de4b1d2b2da001edcd13f00e8c1415465042647e591bcae50eea",
  "merge/v1": "bcb1758c68c293bf06dd94358a31a658fd98b37820fc0d52c694437f35e0ce5e",
  "merge/v2": "d199c043eb30560063b99afad965a2093344415154cd4677937e737faccf6a65",
  "planner/v1": "cb905ba97b2032a4b0be4dc6b663a846131a55a806ddfa4ecd0f55e5fda0f60c",
  "redo/v1": "479fb9c7ffe8c1173e2b204aa982d8725a1f87294fa4b87d33e695d4ef0dd163",
  "review/v1": "aa88fe8b2842fc72980ef4204b856f1bf4c74e09f639db7c6221503cf9a2d07a",
  "revise/v1": "0540e93316c2fd2b00cddf469467506822d9e6e6c664212b16d7a6e423d2aade",
  "revise/v2": "c910edc45310be738b5d3bcbc2c45fd3da5af742dd4d7265ee3f725ffe6c9d5f",
  "rework/v1": "ff3bd16fb23b00825b84fecff659397af0cf84d227802e6a970096d1a29beea2",
  "synthesize/v1": "701815c9d95e37a9cced49b9f97da0722d2e741723e6ad1f2ca69ef9e7fbabc8",
  "synthesize/v2": "5397da44e0b928c4df877cdf2981adfc4946e10dfae15a33e85af76d70e57916",
  "synthesize/v3": "a30d17e18bf32073b1be4eb75a03bcc829d61f8252ad8d9e872438f24b9d5a60",
  "tools/v1": "55708c7a29933d47b8777b5d57ebe0b9e113aacdd6db24ab271f3ea306d83d40",
  "tools/v2": "90f22a4fdf91da9093d0487968addcfdc51a1a14377eb41620ca90f878eed726",
  "transcribe/v1": "e4e3c8f03538105d15cbc0872a1ff253b7243cdd2372dc18d537979faddc43d8",
  "volunteer/v1": "4c135d84b941db0880b65a65857f907d3c31afeec5bc0b1baccdb6b51767b014",
  "work/v1": "c05bd6eea71784e87859dd8a2bf1fd0b8e3bbfb8b8e830967bc41f186692329d"
}
