{
  "answer/v1": "4d2d76e7b2a3abd75db47cc5495edeed8108108f7a18864c466cb34425874875",
  "answer_quick/v1": "1a2dc17e1f715e5bdc602984ee5898d8dffd83702925e96e8d1914191badd8a8",
  "assign/v1": "b1edeee71d66873201f08d06cff9743a362b8c6c5acdee5c0dda040792cc6bde",
  "assign/v3": "69c5d14ec2508c2b668d73d2a44bba68b90fcc31fc453efa6b0498b7a917b1ca",
  "attachments/v1": "09b5855955522192fb8a702d1b75e63222a9545d6edbb245ffc12ea6dcbd973a",
  "cross_review/v1": "a9082c7414185da38106eff9cd80c2d7be484b8dfe95f91b38e8b10688acf20b",
  "decompose/v1": "a60a1f9f0c6db51cd3a1c4cbbcbd2a82edc54dce4acb78c431dd2a3c2b0733ca",
  "decompose/v2": "8480f9367005a7ee3ceb62b259615945b0081d3e1cec424ac45266ca78d5c993",
  "decompose/v3": "096df33ebb12390f115cd025a1dd7ded7e48ec694d77b86a19f0b590a10aa22b",
  "decompose/v4": "a6d2e8a5201616e0005638e14f289c4b7e6e6fb0c7e7f3aedb106334ee7be3e8",
  "decompose_retry/v1": "2cd6b3f771e6fef363632386a1dfc0ffcd1ec1fd8058fd9e184da47392686520",
  "describe_image/v1": "893662b0825d519d58ad3bdd6c21c43d671ac80e2e555ee623bef3c95271b58c",
  "image_gen/v1": "339a7aadc687de4b1d2b2da001edcd13f00e8c1415465042647e591bcae50eea",
  "media_brief/v1": "37eabdbf078750c748e2e22eaf8e3fcf67ceb40493bd8ec51fc1d817442ac196",
  "media_refine/v1": "8e7a765918d3976493aa53b94c6876b7a5a7622c7d1db63bac1885a0302bdd2a",
  "media_review/v1": "04576dd2990992ff4b0c714e4c3155c35ba9ed7cffa861484709e346b2de21e5",
  "media_review/v2": "82f1b1c053b201993e2d5ff2d915a5602f068bf036b101a995178353b91ecd90",
  "media_rewrite/v1": "cb103f61e70298e799f048b6e5b722abe00df2c7f956e3f4febff49afbe390ae",
  "merge/v1": "bcb1758c68c293bf06dd94358a31a658fd98b37820fc0d52c694437f35e0ce5e",
  "merge/v2": "d199c043eb30560063b99afad965a2093344415154cd4677937e737faccf6a65",
  "merge/v3": "60199c0ea5b2a42aa1c4e36cb4a8b725d88f633b2f0a6fdfee567774d220c05c",
  "merge/v4": "e3abcdc45e0d7189a8aecc0f581bf29aa65a4d716425b08f4700520768d8cce4",
  "planner/v1": "cb905ba97b2032a4b0be4dc6b663a846131a55a806ddfa4ecd0f55e5fda0f60c",
  "redo/v1": "479fb9c7ffe8c1173e2b204aa982d8725a1f87294fa4b87d33e695d4ef0dd163",
  "review/v1": "aa88fe8b2842fc72980ef4204b856f1bf4c74e09f639db7c6221503cf9a2d07a",
  "review/v2": "9a6f9c2695414c935a2d7db7b5c59d5babacc8d30221a455197412a3c0c4069f",
  "review/v3": "df262533e021955de9483887167c6284e92906850743e726a29cf2b40f46d8b7",
  "revise/v1": "0540e93316c2fd2b00cddf469467506822d9e6e6c664212b16d7a6e423d2aade",
  "revise/v2": "c910edc45310be738b5d3bcbc2c45fd3da5af742dd4d7265ee3f725ffe6c9d5f",
  "revise/v3": "3ac88223973bbf2fc7c5a482463e514120e706a692e102a22827dd6354d9920a",
  "rework/v1": "ff3bd16fb23b00825b84fecff659397af0cf84d227802e6a970096d1a29beea2",
  "rework/v2": "7ebb24a04994b225488b1ce3615420613a2d5013abc566997b9a9fb86afeb144",
  "rework_media/v1": "958713d87189084e7fa639c7fd4173988d89c9f1b1a9675a3a6d8ca557ecca65",
  "rework_media/v2": "d09d882ca078e803711e38891be52aedf004ee4369f1520354f9a4bff4471fd4",
  "style_extract/v1": "60fb5b0e3a2a9981d951ca0eabccd6dc8a8b23676135ac810f9844b0595ca093",
  "style_guide/v1": "2c6849882fd014d1d3354000f5e466b95ddc318a01678b0b34061cded05241aa",
  "style_merge/v1": "6b2875027f528a463f816872d18a14625618572246e96f6ca11d8b4c8ab18d85",
  "synthesize/v1": "701815c9d95e37a9cced49b9f97da0722d2e741723e6ad1f2ca69ef9e7fbabc8",
  "synthesize/v2": "5397da44e0b928c4df877cdf2981adfc4946e10dfae15a33e85af76d70e57916",
  "synthesize/v3": "a30d17e18bf32073b1be4eb75a03bcc829d61f8252ad8d9e872438f24b9d5a60",
  "synthesize/v4": "ecdd339ee2fa43387120ed9f863dd808e035c8516ed5f03ac433a09b496219b6",
  "tools/v1": "55708c7a29933d47b8777b5d57ebe0b9e113aacdd6db24ab271f3ea306d83d40",
  "tools/v2": "90f22a4fdf91da9093d0487968addcfdc51a1a14377eb41620ca90f878eed726",
  "tools/v3": "b32fc021fa02e4d78fa288df731233f9733e96757ba4c6a1daaf7b04bb76a2bf",
  "tools/v4": "20557b2d0d090373033ee539b1917f45b50b669c7eb45a132c255b27fa7a36cb",
  "tools/v5": "fe7c0cab6682041b1af62b2ec7f74b5ae1052134b5314fd5b25ad1e4c0327f39",
  "transcribe/v1": "e4e3c8f03538105d15cbc0872a1ff253b7243cdd2372dc18d537979faddc43d8",
  "volunteer/v1": "4c135d84b941db0880b65a65857f907d3c31afeec5bc0b1baccdb6b51767b014",
  "web_fetch/v1": "68ad6579af01eba163fc088733b1fcc2b7163a3882b8b2e5b1b7c17a67af6146",
  "web_search/v1": "cfd0cdbda7eb52ddcd12d2099eaa2159f5493567c9d9e084c879eb87ce250178",
  "work/v1": "c05bd6eea71784e87859dd8a2bf1fd0b8e3bbfb8b8e830967bc41f186692329d",
  "work_analyze/v1": "2cde778be1727da3be876b31c172883b40cad0a2b0082c0f7cc1fe920d7c107d",
  "work_assemble/v1": "d439f8cf45f3c3544b0862e713f9d0a9101e442fdb239e68ec9ac22c20565de1",
  "work_code/v1": "2e2fdaa113f1e0e768df13d08a7178fd001e0bff4570ef99fc477a5d21a00e74",
  "work_factcheck/v1": "a80761263f3ed1b8ef8fa53cc457935445c1cad117f0886ae797e367dca880b0",
  "work_generate/v1": "265145f067217c55ab57c7da1af8a96f7ed332c74f79d143240a603a101a4bc5",
  "work_media/v1": "3846876d19eb026a56c8a50e9e7de167771fbe46539bc36273ebac1ae5b47ac1",
  "work_prompt/v1": "df34cdcabbb57cbf32263279d9581582cf97e35d4040fa18ffecf4442e13047b",
  "work_research/v1": "7369109f5015579df67b35173c732f744e3727f87ce5774fff548e1a4392c7d9",
  "work_review/v1": "3fecb0c36836fb9c55771a00b18f3166810ab70b20ad52d6d295bd0a15c4bee4",
  "work_verify/v1": "b11460a4c999a07287e92db73254941c960f7a3503fbbada18a6e7a4346d545a",
  "work_write/v1": "c2bc7db869cb1f145a0643dcb6087f8010a6330dbb83ce50612858f0032cb8b0"
}
